<Solution>
  <Folder Name="/src/" />
  <Folder Name="/src/API/">
    <Project Path="src/API/MoleculeByMakeover.API.csproj" />
  </Folder>
  <Folder Name="/src/Application/">
    <Project Path="src/Application/MoleculeByMakeover.Application.csproj" />
  </Folder>
  <Folder Name="/src/Domain/">
    <Project Path="src/Domain/MoleculeByMakeover.Domain.csproj" />
  </Folder>
  <Folder Name="/src/Infrastructure/">
    <Project Path="src/Infrastructure/MoleculeByMakeover.Infrastructure.csproj" />
  </Folder>
  <Folder Name="/src/Shared/">
    <Project Path="src/Shared/MoleculeByMakeover.Shared.csproj" />
  </Folder>
</Solution>
